{
  "name": "common-reactjs",
  "version": "1.0.0",
  "lockfileVersion": 2,
  "requires": true,
  "packages": {
    "": {
      "name": "common-reactjs",
      "version": "1.0.0",
      "license": "ISC",
      "dependencies": {
        "lodash": "^4.17.21",
        "ramda-adjunct": "^4.1.1"
      }
    },
    "node_modules/lodash": {
      "version": "4.17.21",
      "resolved": "https://registry.npmjs.org/lodash/-/lodash-4.17.21.tgz",
      "integrity": "sha512-v2kDEe57lecTulaDIuNTPy3Ry4gLGJ6Z1O3vE1krgXZNrsQ+LFTGHVxVjcXPs17LhbZVGedAJv8XZ1tvj5FvSg=="
    },
    "node_modules/ramda": {
      "version": "0.29.1",
      "resolved": "https://registry.npmjs.org/ramda/-/ramda-0.29.1.tgz",
      "integrity": "sha512-OfxIeWzd4xdUNxlWhgFazxsA/nl3mS4/jGZI5n00uWOoSSFRhC1b6gl6xvmzUamgmqELraWp0J/qqVlXYPDPyA==",
      "peer": true,
      "funding": {
        "type": "opencollective",
        "url": "https://opencollective.com/ramda"
      }
    },
    "node_modules/ramda-adjunct": {
      "version": "4.1.1",
      "resolved": "https://registry.npmjs.org/ramda-adjunct/-/ramda-adjunct-4.1.1.tgz",
      "integrity": "sha512-BnCGsZybQZMDGram9y7RiryoRHS5uwx8YeGuUeDKuZuvK38XO6JJfmK85BwRWAKFA6pZ5nZBO/HBFtExVaf31w==",
      "engines": {
        "node": ">=0.10.3"
      },
      "funding": {
        "type": "opencollective",
        "url": "https://opencollective.com/ramda-adjunct"
      },
      "peerDependencies": {
        "ramda": ">= 0.29.0"
      }
    }
  },
  "dependencies": {
    "lodash": {
      "version": "4.17.21",
      "resolved": "https://registry.npmjs.org/lodash/-/lodash-4.17.21.tgz",
      "integrity": "sha512-v2kDEe57lecTulaDIuNTPy3Ry4gLGJ6Z1O3vE1krgXZNrsQ+LFTGHVxVjcXPs17LhbZVGedAJv8XZ1tvj5FvSg=="
    },
    "ramda": {
      "version": "0.29.1",
      "resolved": "https://registry.npmjs.org/ramda/-/ramda-0.29.1.tgz",
      "integrity": "sha512-OfxIeWzd4xdUNxlWhgFazxsA/nl3mS4/jGZI5n00uWOoSSFRhC1b6gl6xvmzUamgmqELraWp0J/qqVlXYPDPyA==",
      "peer": true
    },
    "ramda-adjunct": {
      "version": "4.1.1",
      "resolved": "https://registry.npmjs.org/ramda-adjunct/-/ramda-adjunct-4.1.1.tgz",
      "integrity": "sha512-BnCGsZybQZMDGram9y7RiryoRHS5uwx8YeGuUeDKuZuvK38XO6JJfmK85BwRWAKFA6pZ5nZBO/HBFtExVaf31w==",
      "requires": {}
    }
  }
}
